
Microsoft Visual Studio Solution File, Format Version 12.00
# Visual Studio 15
VisualStudioVersion = 15.0.28307.168
MinimumVisualStudioVersion = 10.0.40219.1
Project("{FAE04EC0-301F-11D3-BF4B-00C04F79EFBC}") = "Invoice", "Invoice\Invoice.csproj", "{E7568565-C9F0-44EC-92C5-AC598F8839E5}"
EndProject
Global
	GlobalSection(SolutionConfigurationPlatforms) = preSolution
		Debug|Any CPU = Debug|Any CPU
		Release|Any CPU = Release|Any CPU
	EndGlobalSection
	GlobalSection(ProjectConfigurationPlatforms) = postSolution
		{E7568565-C9F0-44EC-92C5-AC598F8839E5}.Debug|Any CPU.ActiveCfg = Debug|Any CPU
		{E7568565-C9F0-44EC-92C5-AC598F8839E5}.Debug|Any CPU.Build.0 = Debug|Any CPU
		{E7568565-C9F0-44EC-92C5-AC598F8839E5}.Release|Any CPU.ActiveCfg = Release|Any CPU
		{E7568565-C9F0-44EC-92C5-AC598F8839E5}.Release|Any CPU.Build.0 = Release|Any CPU
	EndGlobalSection
	GlobalSection(SolutionProperties) = preSolution
		HideSolutionNode = FALSE
	EndGlobalSection
	GlobalSection(ExtensibilityGlobals) = postSolution
		SolutionGuid = {DB75ACA8-8E15-4EF6-B1B7-D50EA0A50233}
	EndGlobalSection
EndGlobal
